// !$*UTF8*$!
{
	archiveVersion = 1;
	classes = {
	};
	objectVersion = 50;
	objects = {

/* Begin PBXBuildFile section */
		5B61F8C822F1FC37006C74FB /* AppDelegate.m in Sources */ = {isa = PBXBuildFile; fileRef = 5B61F8C722F1FC37006C74FB /* AppDelegate.m */; };
		5B61F8CB22F1FC37006C74FB /* ViewController.m in Sources */ = {isa = PBXBuildFile; fileRef = 5B61F8CA22F1FC37006C74FB /* ViewController.m */; };
		5B61F8CE22F1FC37006C74FB /* Main.storyboard in Resources */ = {isa = PBXBuildFile; fileRef = 5B61F8CC22F1FC37006C74FB /* Main.storyboard */; };
		5B61F8D022F1FC38006C74FB /* Assets.xcassets in Resources */ = {isa = PBXBuildFile; fileRef = 5B61F8CF22F1FC38006C74FB /* Assets.xcassets */; };
		5B61F8D322F1FC38006C74FB /* LaunchScreen.storyboard in Resources */ = {isa = PBXBuildFile; fileRef = 5B61F8D122F1FC38006C74FB /* LaunchScreen.storyboard */; };
		5B61F8D622F1FC38006C74FB /* main.m in Sources */ = {isa = PBXBuildFile; fileRef = 5B61F8D522F1FC38006C74FB /* main.m */; };
		5B61F8E022F1FC38006C74FB /* QRCodeScanTests.m in Sources */ = {isa = PBXBuildFile; fileRef = 5B61F8DF22F1FC38006C74FB /* QRCodeScanTests.m */; };
		5B61F8EB22F1FC38006C74FB /* QRCodeScanUITests.m in Sources */ = {isa = PBXBuildFile; fileRef = 5B61F8EA22F1FC38006C74FB /* QRCodeScanUITests.m */; };
		5B61F91522F1FC56006C74FB /* NSLayoutConstraint+MASDebugAdditions.m in Sources */ = {isa = PBXBuildFile; fileRef = 5B61F8FC22F1FC56006C74FB /* NSLayoutConstraint+MASDebugAdditions.m */; };
		5B61F91622F1FC56006C74FB /* ViewController+MASAdditions.m in Sources */ = {isa = PBXBuildFile; fileRef = 5B61F90522F1FC56006C74FB /* ViewController+MASAdditions.m */; };
		5B61F91722F1FC56006C74FB /* MASCompositeConstraint.m in Sources */ = {isa = PBXBuildFile; fileRef = 5B61F90922F1FC56006C74FB /* MASCompositeConstraint.m */; };
		5B61F91822F1FC56006C74FB /* MASConstraintMaker.m in Sources */ = {isa = PBXBuildFile; fileRef = 5B61F90A22F1FC56006C74FB /* MASConstraintMaker.m */; };
		5B61F91922F1FC56006C74FB /* MASLayoutConstraint.m in Sources */ = {isa = PBXBuildFile; fileRef = 5B61F90B22F1FC56006C74FB /* MASLayoutConstraint.m */; };
		5B61F91A22F1FC56006C74FB /* NSArray+MASAdditions.m in Sources */ = {isa = PBXBuildFile; fileRef = 5B61F90C22F1FC56006C74FB /* NSArray+MASAdditions.m */; };
		5B61F91B22F1FC56006C74FB /* View+MASAdditions.m in Sources */ = {isa = PBXBuildFile; fileRef = 5B61F90D22F1FC56006C74FB /* View+MASAdditions.m */; };
		5B61F91C22F1FC56006C74FB /* MASConstraint.m in Sources */ = {isa = PBXBuildFile; fileRef = 5B61F91022F1FC56006C74FB /* MASConstraint.m */; };
		5B61F91D22F1FC56006C74FB /* MASViewConstraint.m in Sources */ = {isa = PBXBuildFile; fileRef = 5B61F91222F1FC56006C74FB /* MASViewConstraint.m */; };
		5B61F91E22F1FC56006C74FB /* MASViewAttribute.m in Sources */ = {isa = PBXBuildFile; fileRef = 5B61F91322F1FC56006C74FB /* MASViewAttribute.m */; };
		5B61F92A22F1FC6E006C74FB /* ZXScanView.m in Sources */ = {isa = PBXBuildFile; fileRef = 5B61F92022F1FC6E006C74FB /* ZXScanView.m */; };
		5B61F92B22F1FC6E006C74FB /* ZXMaskView.m in Sources */ = {isa = PBXBuildFile; fileRef = 5B61F92422F1FC6E006C74FB /* ZXMaskView.m */; };
		5B61F92C22F1FC6E006C74FB /* ZXQRCodeScanManager.m in Sources */ = {isa = PBXBuildFile; fileRef = 5B61F92622F1FC6E006C74FB /* ZXQRCodeScanManager.m */; };
		5B61F92D22F1FC6E006C74FB /* ZXFlashLightManager.m in Sources */ = {isa = PBXBuildFile; fileRef = 5B61F92722F1FC6E006C74FB /* ZXFlashLightManager.m */; };
		5B61F92E22F1FC6E006C74FB /* ZXQRCodeScanController.m in Sources */ = {isa = PBXBuildFile; fileRef = 5B61F92822F1FC6E006C74FB /* ZXQRCodeScanController.m */; };
/* End PBXBuildFile section */

/* Begin PBXContainerItemProxy section */
		5B61F8DC22F1FC38006C74FB /* PBXContainerItemProxy */ = {
			isa = PBXContainerItemProxy;
			containerPortal = 5B61F8BB22F1FC37006C74FB /* Project object */;
			proxyType = 1;
			remoteGlobalIDString = 5B61F8C222F1FC37006C74FB;
			remoteInfo = QRCodeScan;
		};
		5B61F8E722F1FC38006C74FB /* PBXContainerItemProxy */ = {
			isa = PBXContainerItemProxy;
			containerPortal = 5B61F8BB22F1FC37006C74FB /* Project object */;
			proxyType = 1;
			remoteGlobalIDString = 5B61F8C222F1FC37006C74FB;
			remoteInfo = QRCodeScan;
		};
/* End PBXContainerItemProxy section */

/* Begin PBXFileReference section */
		5B61F8C322F1FC37006C74FB /* QRCodeScan.app */ = {isa = PBXFileReference; explicitFileType = wrapper.application; includeInIndex = 0; path = QRCodeScan.app; sourceTree = BUILT_PRODUCTS_DIR; };
		5B61F8C622F1FC37006C74FB /* AppDelegate.h */ = {isa = PBXFileReference; lastKnownFileType = sourcecode.c.h; path = AppDelegate.h; sourceTree = "<group>"; };
		5B61F8C722F1FC37006C74FB /* AppDelegate.m */ = {isa = PBXFileReference; lastKnownFileType = sourcecode.c.objc; path = AppDelegate.m; sourceTree = "<group>"; };
		5B61F8C922F1FC37006C74FB /* ViewController.h */ = {isa = PBXFileReference; lastKnownFileType = sourcecode.c.h; path = ViewController.h; sourceTree = "<group>"; };
		5B61F8CA22F1FC37006C74FB /* ViewController.m */ = {isa = PBXFileReference; lastKnownFileType = sourcecode.c.objc; path = ViewController.m; sourceTree = "<group>"; };
		5B61F8CD22F1FC37006C74FB /* Base */ = {isa = PBXFileReference; lastKnownFileType = file.storyboard; name = Base; path = Base.lproj/Main.storyboard; sourceTree = "<group>"; };
		5B61F8CF22F1FC38006C74FB /* Assets.xcassets */ = {isa = PBXFileReference; lastKnownFileType = folder.assetcatalog; path = Assets.xcassets; sourceTree = "<group>"; };
		5B61F8D222F1FC38006C74FB /* Base */ = {isa = PBXFileReference; lastKnownFileType = file.storyboard; name = Base; path = Base.lproj/LaunchScreen.storyboard; sourceTree = "<group>"; };
		5B61F8D422F1FC38006C74FB /* Info.plist */ = {isa = PBXFileReference; lastKnownFileType = text.plist.xml; path = Info.plist; sourceTree = "<group>"; };
		5B61F8D522F1FC38006C74FB /* main.m */ = {isa = PBXFileReference; lastKnownFileType = sourcecode.c.objc; path = main.m; sourceTree = "<group>"; };
		5B61F8DB22F1FC38006C74FB /* QRCodeScanTests.xctest */ = {isa = PBXFileReference; explicitFileType = wrapper.cfbundle; includeInIndex = 0; path = QRCodeScanTests.xctest; sourceTree = BUILT_PRODUCTS_DIR; };
		5B61F8DF22F1FC38006C74FB /* QRCodeScanTests.m */ = {isa = PBXFileReference; lastKnownFileType = sourcecode.c.objc; path = QRCodeScanTests.m; sourceTree = "<group>"; };
		5B61F8E122F1FC38006C74FB /* Info.plist */ = {isa = PBXFileReference; lastKnownFileType = text.plist.xml; path = Info.plist; sourceTree = "<group>"; };
		5B61F8E622F1FC38006C74FB /* QRCodeScanUITests.xctest */ = {isa = PBXFileReference; explicitFileType = wrapper.cfbundle; includeInIndex = 0; path = QRCodeScanUITests.xctest; sourceTree = BUILT_PRODUCTS_DIR; };
		5B61F8EA22F1FC38006C74FB /* QRCodeScanUITests.m */ = {isa = PBXFileReference; lastKnownFileType = sourcecode.c.objc; path = QRCodeScanUITests.m; sourceTree = "<group>"; };
		5B61F8EC22F1FC38006C74FB /* Info.plist */ = {isa = PBXFileReference; lastKnownFileType = text.plist.xml; path = Info.plist; sourceTree = "<group>"; };
		5B61F8FB22F1FC56006C74FB /* MASCompositeConstraint.h */ = {isa = PBXFileReference; fileEncoding = 4; lastKnownFileType = sourcecode.c.h; path = MASCompositeConstraint.h; sourceTree = "<group>"; };
		5B61F8FC22F1FC56006C74FB /* NSLayoutConstraint+MASDebugAdditions.m */ = {isa = PBXFileReference; fileEncoding = 4; lastKnownFileType = sourcecode.c.objc; path = "NSLayoutConstraint+MASDebugAdditions.m"; sourceTree = "<group>"; };
		5B61F8FD22F1FC56006C74FB /* MASConstraint+Private.h */ = {isa = PBXFileReference; fileEncoding = 4; lastKnownFileType = sourcecode.c.h; path = "MASConstraint+Private.h"; sourceTree = "<group>"; };
		5B61F8FE22F1FC56006C74FB /* MASLayoutConstraint.h */ = {isa = PBXFileReference; fileEncoding = 4; lastKnownFileType = sourcecode.c.h; path = MASLayoutConstraint.h; sourceTree = "<group>"; };
		5B61F8FF22F1FC56006C74FB /* NSArray+MASShorthandAdditions.h */ = {isa = PBXFileReference; fileEncoding = 4; lastKnownFileType = sourcecode.c.h; path = "NSArray+MASShorthandAdditions.h"; sourceTree = "<group>"; };
		5B61F90022F1FC56006C74FB /* MASConstraintMaker.h */ = {isa = PBXFileReference; fileEncoding = 4; lastKnownFileType = sourcecode.c.h; path = MASConstraintMaker.h; sourceTree = "<group>"; };
		5B61F90122F1FC56006C74FB /* View+MASAdditions.h */ = {isa = PBXFileReference; fileEncoding = 4; lastKnownFileType = sourcecode.c.h; path = "View+MASAdditions.h"; sourceTree = "<group>"; };
		5B61F90222F1FC56006C74FB /* NSArray+MASAdditions.h */ = {isa = PBXFileReference; fileEncoding = 4; lastKnownFileType = sourcecode.c.h; path = "NSArray+MASAdditions.h"; sourceTree = "<group>"; };
		5B61F90322F1FC56006C74FB /* MASUtilities.h */ = {isa = PBXFileReference; fileEncoding = 4; lastKnownFileType = sourcecode.c.h; path = MASUtilities.h; sourceTree = "<group>"; };
		5B61F90422F1FC56006C74FB /* MASViewAttribute.h */ = {isa = PBXFileReference; fileEncoding = 4; lastKnownFileType = sourcecode.c.h; path = MASViewAttribute.h; sourceTree = "<group>"; };
		5B61F90522F1FC56006C74FB /* ViewController+MASAdditions.m */ = {isa = PBXFileReference; fileEncoding = 4; lastKnownFileType = sourcecode.c.objc; path = "ViewController+MASAdditions.m"; sourceTree = "<group>"; };
		5B61F90622F1FC56006C74FB /* MASViewConstraint.h */ = {isa = PBXFileReference; fileEncoding = 4; lastKnownFileType = sourcecode.c.h; path = MASViewConstraint.h; sourceTree = "<group>"; };
		5B61F90722F1FC56006C74FB /* MASConstraint.h */ = {isa = PBXFileReference; fileEncoding = 4; lastKnownFileType = sourcecode.c.h; path = MASConstraint.h; sourceTree = "<group>"; };
		5B61F90822F1FC56006C74FB /* NSLayoutConstraint+MASDebugAdditions.h */ = {isa = PBXFileReference; fileEncoding = 4; lastKnownFileType = sourcecode.c.h; path = "NSLayoutConstraint+MASDebugAdditions.h"; sourceTree = "<group>"; };
		5B61F90922F1FC56006C74FB /* MASCompositeConstraint.m */ = {isa = PBXFileReference; fileEncoding = 4; lastKnownFileType = sourcecode.c.objc; path = MASCompositeConstraint.m; sourceTree = "<group>"; };
		5B61F90A22F1FC56006C74FB /* MASConstraintMaker.m */ = {isa = PBXFileReference; fileEncoding = 4; lastKnownFileType = sourcecode.c.objc; path = MASConstraintMaker.m; sourceTree = "<group>"; };
		5B61F90B22F1FC56006C74FB /* MASLayoutConstraint.m */ = {isa = PBXFileReference; fileEncoding = 4; lastKnownFileType = sourcecode.c.objc; path = MASLayoutConstraint.m; sourceTree = "<group>"; };
		5B61F90C22F1FC56006C74FB /* NSArray+MASAdditions.m */ = {isa = PBXFileReference; fileEncoding = 4; lastKnownFileType = sourcecode.c.objc; path = "NSArray+MASAdditions.m"; sourceTree = "<group>"; };
		5B61F90D22F1FC56006C74FB /* View+MASAdditions.m */ = {isa = PBXFileReference; fileEncoding = 4; lastKnownFileType = sourcecode.c.objc; path = "View+MASAdditions.m"; sourceTree = "<group>"; };
		5B61F90E22F1FC56006C74FB /* View+MASShorthandAdditions.h */ = {isa = PBXFileReference; fileEncoding = 4; lastKnownFileType = sourcecode.c.h; path = "View+MASShorthandAdditions.h"; sourceTree = "<group>"; };
		5B61F90F22F1FC56006C74FB /* Masonry.h */ = {isa = PBXFileReference; fileEncoding = 4; lastKnownFileType = sourcecode.c.h; path = Masonry.h; sourceTree = "<group>"; };
		5B61F91022F1FC56006C74FB /* MASConstraint.m */ = {isa = PBXFileReference; fileEncoding = 4; lastKnownFileType = sourcecode.c.objc; path = MASConstraint.m; sourceTree = "<group>"; };
		5B61F91122F1FC56006C74FB /* ViewController+MASAdditions.h */ = {isa = PBXFileReference; fileEncoding = 4; lastKnownFileType = sourcecode.c.h; path = "ViewController+MASAdditions.h"; sourceTree = "<group>"; };
		5B61F91222F1FC56006C74FB /* MASViewConstraint.m */ = {isa = PBXFileReference; fileEncoding = 4; lastKnownFileType = sourcecode.c.objc; path = MASViewConstraint.m; sourceTree = "<group>"; };
		5B61F91322F1FC56006C74FB /* MASViewAttribute.m */ = {isa = PBXFileReference; fileEncoding = 4; lastKnownFileType = sourcecode.c.objc; path = MASViewAttribute.m; sourceTree = "<group>"; };
		5B61F92022F1FC6E006C74FB /* ZXScanView.m */ = {isa = PBXFileReference; fileEncoding = 4; lastKnownFileType = sourcecode.c.objc; path = ZXScanView.m; sourceTree = "<group>"; };
		5B61F92122F1FC6E006C74FB /* ZXQRCodeScanController.h */ = {isa = PBXFileReference; fileEncoding = 4; lastKnownFileType = sourcecode.c.h; path = ZXQRCodeScanController.h; sourceTree = "<group>"; };
		5B61F92222F1FC6E006C74FB /* ZXQRCodeScanManager.h */ = {isa = PBXFileReference; fileEncoding = 4; lastKnownFileType = sourcecode.c.h; path = ZXQRCodeScanManager.h; sourceTree = "<group>"; };
		5B61F92322F1FC6E006C74FB /* ZXFlashLightManager.h */ = {isa = PBXFileReference; fileEncoding = 4; lastKnownFileType = sourcecode.c.h; path = ZXFlashLightManager.h; sourceTree = "<group>"; };
		5B61F92422F1FC6E006C74FB /* ZXMaskView.m */ = {isa = PBXFileReference; fileEncoding = 4; lastKnownFileType = sourcecode.c.objc; path = ZXMaskView.m; sourceTree = "<group>"; };
		5B61F92522F1FC6E006C74FB /* ZXMaskView.h */ = {isa = PBXFileReference; fileEncoding = 4; lastKnownFileType = sourcecode.c.h; path = ZXMaskView.h; sourceTree = "<group>"; };
		5B61F92622F1FC6E006C74FB /* ZXQRCodeScanManager.m */ = {isa = PBXFileReference; fileEncoding = 4; lastKnownFileType = sourcecode.c.objc; path = ZXQRCodeScanManager.m; sourceTree = "<group>"; };
		5B61F92722F1FC6E006C74FB /* ZXFlashLightManager.m */ = {isa = PBXFileReference; fileEncoding = 4; lastKnownFileType = sourcecode.c.objc; path = ZXFlashLightManager.m; sourceTree = "<group>"; };
		5B61F92822F1FC6E006C74FB /* ZXQRCodeScanController.m */ = {isa = PBXFileReference; fileEncoding = 4; lastKnownFileType = sourcecode.c.objc; path = ZXQRCodeScanController.m; sourceTree = "<group>"; };
		5B61F92922F1FC6E006C74FB /* ZXScanView.h */ = {isa = PBXFileReference; fileEncoding = 4; lastKnownFileType = sourcecode.c.h; path = ZXScanView.h; sourceTree = "<group>"; };
		5B61F92F22F1FC8A006C74FB /* PrefixHeader.pch */ = {isa = PBXFileReference; lastKnownFileType = sourcecode.c.h; path = PrefixHeader.pch; sourceTree = "<group>"; };
/* End PBXFileReference section */

/* Begin PBXFrameworksBuildPhase section */
		5B61F8C022F1FC37006C74FB /* Frameworks */ = {
			isa = PBXFrameworksBuildPhase;
			buildActionMask = 2147483647;
			files = (
			);
			runOnlyForDeploymentPostprocessing = 0;
		};
		5B61F8D822F1FC38006C74FB /* Frameworks */ = {
			isa = PBXFrameworksBuildPhase;
			buildActionMask = 2147483647;
			files = (
			);
			runOnlyForDeploymentPostprocessing = 0;
		};
		5B61F8E322F1FC38006C74FB /* Frameworks */ = {
			isa = PBXFrameworksBuildPhase;
			buildActionMask = 2147483647;
			files = (
			);
			runOnlyForDeploymentPostprocessing = 0;
		};
/* End PBXFrameworksBuildPhase section */

/* Begin PBXGroup section */
		5B61F8BA22F1FC37006C74FB = {
			isa = PBXGroup;
			children = (
				5B61F8C522F1FC37006C74FB /* QRCodeScan */,
				5B61F8DE22F1FC38006C74FB /* QRCodeScanTests */,
				5B61F8E922F1FC38006C74FB /* QRCodeScanUITests */,
				5B61F8C422F1FC37006C74FB /* Products */,
			);
			sourceTree = "<group>";
		};
		5B61F8C422F1FC37006C74FB /* Products */ = {
			isa = PBXGroup;
			children = (
				5B61F8C322F1FC37006C74FB /* QRCodeScan.app */,
				5B61F8DB22F1FC38006C74FB /* QRCodeScanTests.xctest */,
				5B61F8E622F1FC38006C74FB /* QRCodeScanUITests.xctest */,
			);
			name = Products;
			sourceTree = "<group>";
		};
		5B61F8C522F1FC37006C74FB /* QRCodeScan */ = {
			isa = PBXGroup;
			children = (
				5B61F8FA22F1FC56006C74FB /* Masonry */,
				5B61F8C622F1FC37006C74FB /* AppDelegate.h */,
				5B61F8C722F1FC37006C74FB /* AppDelegate.m */,
				5B61F8C922F1FC37006C74FB /* ViewController.h */,
				5B61F8CA22F1FC37006C74FB /* ViewController.m */,
				5B61F92322F1FC6E006C74FB /* ZXFlashLightManager.h */,
				5B61F92722F1FC6E006C74FB /* ZXFlashLightManager.m */,
				5B61F92522F1FC6E006C74FB /* ZXMaskView.h */,
				5B61F92422F1FC6E006C74FB /* ZXMaskView.m */,
				5B61F92122F1FC6E006C74FB /* ZXQRCodeScanController.h */,
				5B61F92822F1FC6E006C74FB /* ZXQRCodeScanController.m */,
				5B61F92222F1FC6E006C74FB /* ZXQRCodeScanManager.h */,
				5B61F92622F1FC6E006C74FB /* ZXQRCodeScanManager.m */,
				5B61F92922F1FC6E006C74FB /* ZXScanView.h */,
				5B61F92022F1FC6E006C74FB /* ZXScanView.m */,
				5B61F92F22F1FC8A006C74FB /* PrefixHeader.pch */,
				5B61F8CC22F1FC37006C74FB /* Main.storyboard */,
				5B61F8CF22F1FC38006C74FB /* Assets.xcassets */,
				5B61F8D122F1FC38006C74FB /* LaunchScreen.storyboard */,
				5B61F8D422F1FC38006C74FB /* Info.plist */,
				5B61F8D522F1FC38006C74FB /* main.m */,
			);
			path = QRCodeScan;
			sourceTree = "<group>";
		};
		5B61F8DE22F1FC38006C74FB /* QRCodeScanTests */ = {
			isa = PBXGroup;
			children = (
				5B61F8DF22F1FC38006C74FB /* QRCodeScanTests.m */,
				5B61F8E122F1FC38006C74FB /* Info.plist */,
			);
			path = QRCodeScanTests;
			sourceTree = "<group>";
		};
		5B61F8E922F1FC38006C74FB /* QRCodeScanUITests */ = {
			isa = PBXGroup;
			children = (
				5B61F8EA22F1FC38006C74FB /* QRCodeScanUITests.m */,
				5B61F8EC22F1FC38006C74FB /* Info.plist */,
			);
			path = QRCodeScanUITests;
			sourceTree = "<group>";
		};
		5B61F8FA22F1FC56006C74FB /* Masonry */ = {
			isa = PBXGroup;
			children = (
				5B61F8FB22F1FC56006C74FB /* MASCompositeConstraint.h */,
				5B61F8FC22F1FC56006C74FB /* NSLayoutConstraint+MASDebugAdditions.m */,
				5B61F8FD22F1FC56006C74FB /* MASConstraint+Private.h */,
				5B61F8FE22F1FC56006C74FB /* MASLayoutConstraint.h */,
				5B61F8FF22F1FC56006C74FB /* NSArray+MASShorthandAdditions.h */,
				5B61F90022F1FC56006C74FB /* MASConstraintMaker.h */,
				5B61F90122F1FC56006C74FB /* View+MASAdditions.h */,
				5B61F90222F1FC56006C74FB /* NSArray+MASAdditions.h */,
				5B61F90322F1FC56006C74FB /* MASUtilities.h */,
				5B61F90422F1FC56006C74FB /* MASViewAttribute.h */,
				5B61F90522F1FC56006C74FB /* ViewController+MASAdditions.m */,
				5B61F90622F1FC56006C74FB /* MASViewConstraint.h */,
				5B61F90722F1FC56006C74FB /* MASConstraint.h */,
				5B61F90822F1FC56006C74FB /* NSLayoutConstraint+MASDebugAdditions.h */,
				5B61F90922F1FC56006C74FB /* MASCompositeConstraint.m */,
				5B61F90A22F1FC56006C74FB /* MASConstraintMaker.m */,
				5B61F90B22F1FC56006C74FB /* MASLayoutConstraint.m */,
				5B61F90C22F1FC56006C74FB /* NSArray+MASAdditions.m */,
				5B61F90D22F1FC56006C74FB /* View+MASAdditions.m */,
				5B61F90E22F1FC56006C74FB /* View+MASShorthandAdditions.h */,
				5B61F90F22F1FC56006C74FB /* Masonry.h */,
				5B61F91022F1FC56006C74FB /* MASConstraint.m */,
				5B61F91122F1FC56006C74FB /* ViewController+MASAdditions.h */,
				5B61F91222F1FC56006C74FB /* MASViewConstraint.m */,
				5B61F91322F1FC56006C74FB /* MASViewAttribute.m */,
			);
			path = Masonry;
			sourceTree = "<group>";
		};
/* End PBXGroup section */

/* Begin PBXNativeTarget section */
		5B61F8C222F1FC37006C74FB /* QRCodeScan */ = {
			isa = PBXNativeTarget;
			buildConfigurationList = 5B61F8EF22F1FC38006C74FB /* Build configuration list for PBXNativeTarget "QRCodeScan" */;
			buildPhases = (
				5B61F8BF22F1FC37006C74FB /* Sources */,
				5B61F8C022F1FC37006C74FB /* Frameworks */,
				5B61F8C122F1FC37006C74FB /* Resources */,
			);
			buildRules = (
			);
			dependencies = (
			);
			name = QRCodeScan;
			productName = QRCodeScan;
			productReference = 5B61F8C322F1FC37006C74FB /* QRCodeScan.app */;
			productType = "com.apple.product-type.application";
		};
		5B61F8DA22F1FC38006C74FB /* QRCodeScanTests */ = {
			isa = PBXNativeTarget;
			buildConfigurationList = 5B61F8F222F1FC38006C74FB /* Build configuration list for PBXNativeTarget "QRCodeScanTests" */;
			buildPhases = (
				5B61F8D722F1FC38006C74FB /* Sources */,
				5B61F8D822F1FC38006C74FB /* Frameworks */,
				5B61F8D922F1FC38006C74FB /* Resources */,
			);
			buildRules = (
			);
			dependencies = (
				5B61F8DD22F1FC38006C74FB /* PBXTargetDependency */,
			);
			name = QRCodeScanTests;
			productName = QRCodeScanTests;
			productReference = 5B61F8DB22F1FC38006C74FB /* QRCodeScanTests.xctest */;
			productType = "com.apple.product-type.bundle.unit-test";
		};
		5B61F8E522F1FC38006C74FB /* QRCodeScanUITests */ = {
			isa = PBXNativeTarget;
			buildConfigurationList = 5B61F8F522F1FC38006C74FB /* Build configuration list for PBXNativeTarget "QRCodeScanUITests" */;
			buildPhases = (
				5B61F8E222F1FC38006C74FB /* Sources */,
				5B61F8E322F1FC38006C74FB /* Frameworks */,
				5B61F8E422F1FC38006C74FB /* Resources */,
			);
			buildRules = (
			);
			dependencies = (
				5B61F8E822F1FC38006C74FB /* PBXTargetDependency */,
			);
			name = QRCodeScanUITests;
			productName = QRCodeScanUITests;
			productReference = 5B61F8E622F1FC38006C74FB /* QRCodeScanUITests.xctest */;
			productType = "com.apple.product-type.bundle.ui-testing";
		};
/* End PBXNativeTarget section */

/* Begin PBXProject section */
		5B61F8BB22F1FC37006C74FB /* Project object */ = {
			isa = PBXProject;
			attributes = {
				LastUpgradeCheck = 1030;
				ORGANIZATIONNAME = "张鑫";
				TargetAttributes = {
					5B61F8C222F1FC37006C74FB = {
						CreatedOnToolsVersion = 10.3;
					};
					5B61F8DA22F1FC38006C74FB = {
						CreatedOnToolsVersion = 10.3;
						TestTargetID = 5B61F8C222F1FC37006C74FB;
					};
					5B61F8E522F1FC38006C74FB = {
						CreatedOnToolsVersion = 10.3;
						TestTargetID = 5B61F8C222F1FC37006C74FB;
					};
				};
			};
			buildConfigurationList = 5B61F8BE22F1FC37006C74FB /* Build configuration list for PBXProject "QRCodeScan" */;
			compatibilityVersion = "Xcode 9.3";
			developmentRegion = en;
			hasScannedForEncodings = 0;
			knownRegions = (
				en,
				Base,
			);
			mainGroup = 5B61F8BA22F1FC37006C74FB;
			productRefGroup = 5B61F8C422F1FC37006C74FB /* Products */;
			projectDirPath = "";
			projectRoot = "";
			targets = (
				5B61F8C222F1FC37006C74FB /* QRCodeScan */,
				5B61F8DA22F1FC38006C74FB /* QRCodeScanTests */,
				5B61F8E522F1FC38006C74FB /* QRCodeScanUITests */,
			);
		};
/* End PBXProject section */

/* Begin PBXResourcesBuildPhase section */
		5B61F8C122F1FC37006C74FB /* Resources */ = {
			isa = PBXResourcesBuildPhase;
			buildActionMask = 2147483647;
			files = (
				5B61F8D322F1FC38006C74FB /* LaunchScreen.storyboard in Resources */,
				5B61F8D022F1FC38006C74FB /* Assets.xcassets in Resources */,
				5B61F8CE22F1FC37006C74FB /* Main.storyboard in Resources */,
			);
			runOnlyForDeploymentPostprocessing = 0;
		};
		5B61F8D922F1FC38006C74FB /* Resources */ = {
			isa = PBXResourcesBuildPhase;
			buildActionMask = 2147483647;
			files = (
			);
			runOnlyForDeploymentPostprocessing = 0;
		};
		5B61F8E422F1FC38006C74FB /* Resources */ = {
			isa = PBXResourcesBuildPhase;
			buildActionMask = 2147483647;
			files = (
			);
			runOnlyForDeploymentPostprocessing = 0;
		};
/* End PBXResourcesBuildPhase section */

/* Begin PBXSourcesBuildPhase section */
		5B61F8BF22F1FC37006C74FB /* Sources */ = {
			isa = PBXSourcesBuildPhase;
			buildActionMask = 2147483647;
			files = (
				5B61F92C22F1FC6E006C74FB /* ZXQRCodeScanManager.m in Sources */,
				5B61F91D22F1FC56006C74FB /* MASViewConstraint.m in Sources */,
				5B61F91E22F1FC56006C74FB /* MASViewAttribute.m in Sources */,
				5B61F8CB22F1FC37006C74FB /* ViewController.m in Sources */,
				5B61F91A22F1FC56006C74FB /* NSArray+MASAdditions.m in Sources */,
				5B61F91622F1FC56006C74FB /* ViewController+MASAdditions.m in Sources */,
				5B61F92B22F1FC6E006C74FB /* ZXMaskView.m in Sources */,
				5B61F91722F1FC56006C74FB /* MASCompositeConstraint.m in Sources */,
				5B61F8D622F1FC38006C74FB /* main.m in Sources */,
				5B61F91B22F1FC56006C74FB /* View+MASAdditions.m in Sources */,
				5B61F91822F1FC56006C74FB /* MASConstraintMaker.m in Sources */,
				5B61F92A22F1FC6E006C74FB /* ZXScanView.m in Sources */,
				5B61F92D22F1FC6E006C74FB /* ZXFlashLightManager.m in Sources */,
				5B61F91C22F1FC56006C74FB /* MASConstraint.m in Sources */,
				5B61F92E22F1FC6E006C74FB /* ZXQRCodeScanController.m in Sources */,
				5B61F91522F1FC56006C74FB /* NSLayoutConstraint+MASDebugAdditions.m in Sources */,
				5B61F91922F1FC56006C74FB /* MASLayoutConstraint.m in Sources */,
				5B61F8C822F1FC37006C74FB /* AppDelegate.m in Sources */,
			);
			runOnlyForDeploymentPostprocessing = 0;
		};
		5B61F8D722F1FC38006C74FB /* Sources */ = {
			isa = PBXSourcesBuildPhase;
			buildActionMask = 2147483647;
			files = (
				5B61F8E022F1FC38006C74FB /* QRCodeScanTests.m in Sources */,
			);
			runOnlyForDeploymentPostprocessing = 0;
		};
		5B61F8E222F1FC38006C74FB /* Sources */ = {
			isa = PBXSourcesBuildPhase;
			buildActionMask = 2147483647;
			files = (
				5B61F8EB22F1FC38006C74FB /* QRCodeScanUITests.m in Sources */,
			);
			runOnlyForDeploymentPostprocessing = 0;
		};
/* End PBXSourcesBuildPhase section */

/* Begin PBXTargetDependency section */
		5B61F8DD22F1FC38006C74FB /* PBXTargetDependency */ = {
			isa = PBXTargetDependency;
			target = 5B61F8C222F1FC37006C74FB /* QRCodeScan */;
			targetProxy = 5B61F8DC22F1FC38006C74FB /* PBXContainerItemProxy */;
		};
		5B61F8E822F1FC38006C74FB /* PBXTargetDependency */ = {
			isa = PBXTargetDependency;
			target = 5B61F8C222F1FC37006C74FB /* QRCodeScan */;
			targetProxy = 5B61F8E722F1FC38006C74FB /* PBXContainerItemProxy */;
		};
/* End PBXTargetDependency section */

/* Begin PBXVariantGroup section */
		5B61F8CC22F1FC37006C74FB /* Main.storyboard */ = {
			isa = PBXVariantGroup;
			children = (
				5B61F8CD22F1FC37006C74FB /* Base */,
			);
			name = Main.storyboard;
			sourceTree = "<group>";
		};
		5B61F8D122F1FC38006C74FB /* LaunchScreen.storyboard */ = {
			isa = PBXVariantGroup;
			children = (
				5B61F8D222F1FC38006C74FB /* Base */,
			);
			name = LaunchScreen.storyboard;
			sourceTree = "<group>";
		};
/* End PBXVariantGroup section */

/* Begin XCBuildConfiguration section */
		5B61F8ED22F1FC38006C74FB /* Debug */ = {
			isa = XCBuildConfiguration;
			buildSettings = {
				ALWAYS_SEARCH_USER_PATHS = NO;
				CLANG_ANALYZER_NONNULL = YES;
				CLANG_ANALYZER_NUMBER_OBJECT_CONVERSION = YES_AGGRESSIVE;
				CLANG_CXX_LANGUAGE_STANDARD = "gnu++14";
				CLANG_CXX_LIBRARY = "libc++";
				CLANG_ENABLE_MODULES = YES;
				CLANG_ENABLE_OBJC_ARC = YES;
				CLANG_ENABLE_OBJC_WEAK = YES;
				CLANG_WARN_BLOCK_CAPTURE_AUTORELEASING = YES;
				CLANG_WARN_BOOL_CONVERSION = YES;
				CLANG_WARN_COMMA = YES;
				CLANG_WARN_CONSTANT_CONVERSION = YES;
				CLANG_WARN_DEPRECATED_OBJC_IMPLEMENTATIONS = YES;
				CLANG_WARN_DIRECT_OBJC_ISA_USAGE = YES_ERROR;
				CLANG_WARN_DOCUMENTATION_COMMENTS = YES;
				CLANG_WARN_EMPTY_BODY = YES;
				CLANG_WARN_ENUM_CONVERSION = YES;
				CLANG_WARN_INFINITE_RECURSION = YES;
				CLANG_WARN_INT_CONVERSION = YES;
				CLANG_WARN_NON_LITERAL_NULL_CONVERSION = YES;
				CLANG_WARN_OBJC_IMPLICIT_RETAIN_SELF = YES;
				CLANG_WARN_OBJC_LITERAL_CONVERSION = YES;
				CLANG_WARN_OBJC_ROOT_CLASS = YES_ERROR;
				CLANG_WARN_RANGE_LOOP_ANALYSIS = YES;
				CLANG_WARN_STRICT_PROTOTYPES = YES;
				CLANG_WARN_SUSPICIOUS_MOVE = YES;
				CLANG_WARN_UNGUARDED_AVAILABILITY = YES_AGGRESSIVE;
				CLANG_WARN_UNREACHABLE_CODE = YES;
				CLANG_WARN__DUPLICATE_METHOD_MATCH = YES;
				CODE_SIGN_IDENTITY = "iPhone Developer";
				COPY_PHASE_STRIP = NO;
				DEBUG_INFORMATION_FORMAT = dwarf;
				ENABLE_STRICT_OBJC_MSGSEND = YES;
				ENABLE_TESTABILITY = YES;
				GCC_C_LANGUAGE_STANDARD = gnu11;
				GCC_DYNAMIC_NO_PIC = NO;
				GCC_NO_COMMON_BLOCKS = YES;
				GCC_OPTIMIZATION_LEVEL = 0;
				GCC_PREPROCESSOR_DEFINITIONS = (
					"DEBUG=1",
					"$(inherited)",
				);
				GCC_WARN_64_TO_32_BIT_CONVERSION = YES;
				GCC_WARN_ABOUT_RETURN_TYPE = YES_ERROR;
				GCC_WARN_UNDECLARED_SELECTOR = YES;
				GCC_WARN_UNINITIALIZED_AUTOS = YES_AGGRESSIVE;
				GCC_WARN_UNUSED_FUNCTION = YES;
				GCC_WARN_UNUSED_VARIABLE = YES;
				IPHONEOS_DEPLOYMENT_TARGET = 12.4;
				MTL_ENABLE_DEBUG_INFO = INCLUDE_SOURCE;
				MTL_FAST_MATH = YES;
				ONLY_ACTIVE_ARCH = YES;
				SDKROOT = iphoneos;
			};
			name = Debug;
		};
		5B61F8EE22F1FC38006C74FB /* Release */ = {
			isa = XCBuildConfiguration;
			buildSettings = {
				ALWAYS_SEARCH_USER_PATHS = NO;
				CLANG_ANALYZER_NONNULL = YES;
				CLANG_ANALYZER_NUMBER_OBJECT_CONVERSION = YES_AGGRESSIVE;
				CLANG_CXX_LANGUAGE_STANDARD = "gnu++14";
				CLANG_CXX_LIBRARY = "libc++";
				CLANG_ENABLE_MODULES = YES;
				CLANG_ENABLE_OBJC_ARC = YES;
				CLANG_ENABLE_OBJC_WEAK = YES;
				CLANG_WARN_BLOCK_CAPTURE_AUTORELEASING = YES;
				CLANG_WARN_BOOL_CONVERSION = YES;
				CLANG_WARN_COMMA = YES;
				CLANG_WARN_CONSTANT_CONVERSION = YES;
				CLANG_WARN_DEPRECATED_OBJC_IMPLEMENTATIONS = YES;
				CLANG_WARN_DIRECT_OBJC_ISA_USAGE = YES_ERROR;
				CLANG_WARN_DOCUMENTATION_COMMENTS = YES;
				CLANG_WARN_EMPTY_BODY = YES;
				CLANG_WARN_ENUM_CONVERSION = YES;
				CLANG_WARN_INFINITE_RECURSION = YES;
				CLANG_WARN_INT_CONVERSION = YES;
				CLANG_WARN_NON_LITERAL_NULL_CONVERSION = YES;
				CLANG_WARN_OBJC_IMPLICIT_RETAIN_SELF = YES;
				CLANG_WARN_OBJC_LITERAL_CONVERSION = YES;
				CLANG_WARN_OBJC_ROOT_CLASS = YES_ERROR;
				CLANG_WARN_RANGE_LOOP_ANALYSIS = YES;
				CLANG_WARN_STRICT_PROTOTYPES = YES;
				CLANG_WARN_SUSPICIOUS_MOVE = YES;
				CLANG_WARN_UNGUARDED_AVAILABILITY = YES_AGGRESSIVE;
				CLANG_WARN_UNREACHABLE_CODE = YES;
				CLANG_WARN__DUPLICATE_METHOD_MATCH = YES;
				CODE_SIGN_IDENTITY = "iPhone Developer";
				COPY_PHASE_STRIP = NO;
				DEBUG_INFORMATION_FORMAT = "dwarf-with-dsym";
				ENABLE_NS_ASSERTIONS = NO;
				ENABLE_STRICT_OBJC_MSGSEND = YES;
				GCC_C_LANGUAGE_STANDARD = gnu11;
				GCC_NO_COMMON_BLOCKS = YES;
				GCC_WARN_64_TO_32_BIT_CONVERSION = YES;
				GCC_WARN_ABOUT_RETURN_TYPE = YES_ERROR;
				GCC_WARN_UNDECLARED_SELECTOR = YES;
				GCC_WARN_UNINITIALIZED_AUTOS = YES_AGGRESSIVE;
				GCC_WARN_UNUSED_FUNCTION = YES;
				GCC_WARN_UNUSED_VARIABLE = YES;
				IPHONEOS_DEPLOYMENT_TARGET = 12.4;
				MTL_ENABLE_DEBUG_INFO = NO;
				MTL_FAST_MATH = YES;
				SDKROOT = iphoneos;
				VALIDATE_PRODUCT = YES;
			};
			name = Release;
		};
		5B61F8F022F1FC38006C74FB /* Debug */ = {
			isa = XCBuildConfiguration;
			buildSettings = {
				ASSETCATALOG_COMPILER_APPICON_NAME = AppIcon;
				CODE_SIGN_STYLE = Manual;
				DEVELOPMENT_TEAM = 5X5Q5656BE;
				GCC_PRECOMPILE_PREFIX_HEADER = YES;
				GCC_PREFIX_HEADER = "$(SRCROOT)/QRCodeScan/PrefixHeader.pch";
				INFOPLIST_FILE = QRCodeScan/Info.plist;
				LD_RUNPATH_SEARCH_PATHS = (
					"$(inherited)",
					"@executable_path/Frameworks",
				);
				PRODUCT_BUNDLE_IDENTIFIER = com.xin.zhang.cn.QRCodeScan;
				PRODUCT_NAME = "$(TARGET_NAME)";
				PROVISIONING_PROFILE_SPECIFIER = Dev_Common;
				TARGETED_DEVICE_FAMILY = "1,2";
			};
			name = Debug;
		};
		5B61F8F122F1FC38006C74FB /* Release */ = {
			isa = XCBuildConfiguration;
			buildSettings = {
				ASSETCATALOG_COMPILER_APPICON_NAME = AppIcon;
				CODE_SIGN_STYLE = Manual;
				DEVELOPMENT_TEAM = "";
				GCC_PRECOMPILE_PREFIX_HEADER = YES;
				GCC_PREFIX_HEADER = "$(SRCROOT)/QRCodeScan/PrefixHeader.pch";
				INFOPLIST_FILE = QRCodeScan/Info.plist;
				LD_RUNPATH_SEARCH_PATHS = (
					"$(inherited)",
					"@executable_path/Frameworks",
				);
				PRODUCT_BUNDLE_IDENTIFIER = com.xin.zhang.cn.QRCodeScan;
				PRODUCT_NAME = "$(TARGET_NAME)";
				PROVISIONING_PROFILE_SPECIFIER = "";
				TARGETED_DEVICE_FAMILY = "1,2";
			};
			name = Release;
		};
		5B61F8F322F1FC38006C74FB /* Debug */ = {
			isa = XCBuildConfiguration;
			buildSettings = {
				BUNDLE_LOADER = "$(TEST_HOST)";
				CODE_SIGN_STYLE = Automatic;
				INFOPLIST_FILE = QRCodeScanTests/Info.plist;
				LD_RUNPATH_SEARCH_PATHS = (
					"$(inherited)",
					"@executable_path/Frameworks",
					"@loader_path/Frameworks",
				);
				PRODUCT_BUNDLE_IDENTIFIER = com.xin.zhang.cn.QRCodeScanTests;
				PRODUCT_NAME = "$(TARGET_NAME)";
				TARGETED_DEVICE_FAMILY = "1,2";
				TEST_HOST = "$(BUILT_PRODUCTS_DIR)/QRCodeScan.app/QRCodeScan";
			};
			name = Debug;
		};
		5B61F8F422F1FC38006C74FB /* Release */ = {
			isa = XCBuildConfiguration;
			buildSettings = {
				BUNDLE_LOADER = "$(TEST_HOST)";
				CODE_SIGN_STYLE = Automatic;
				INFOPLIST_FILE = QRCodeScanTests/Info.plist;
				LD_RUNPATH_SEARCH_PATHS = (
					"$(inherited)",
					"@executable_path/Frameworks",
					"@loader_path/Frameworks",
				);
				PRODUCT_BUNDLE_IDENTIFIER = com.xin.zhang.cn.QRCodeScanTests;
				PRODUCT_NAME = "$(TARGET_NAME)";
				TARGETED_DEVICE_FAMILY = "1,2";
				TEST_HOST = "$(BUILT_PRODUCTS_DIR)/QRCodeScan.app/QRCodeScan";
			};
			name = Release;
		};
		5B61F8F622F1FC38006C74FB /* Debug */ = {
			isa = XCBuildConfiguration;
			buildSettings = {
				CODE_SIGN_STYLE = Automatic;
				INFOPLIST_FILE = QRCodeScanUITests/Info.plist;
				LD_RUNPATH_SEARCH_PATHS = (
					"$(inherited)",
					"@executable_path/Frameworks",
					"@loader_path/Frameworks",
				);
				PRODUCT_BUNDLE_IDENTIFIER = com.xin.zhang.cn.QRCodeScanUITests;
				PRODUCT_NAME = "$(TARGET_NAME)";
				TARGETED_DEVICE_FAMILY = "1,2";
				TEST_TARGET_NAME = QRCodeScan;
			};
			name = Debug;
		};
		5B61F8F722F1FC38006C74FB /* Release */ = {
			isa = XCBuildConfiguration;
			buildSettings = {
				CODE_SIGN_STYLE = Automatic;
				INFOPLIST_FILE = QRCodeScanUITests/Info.plist;
				LD_RUNPATH_SEARCH_PATHS = (
					"$(inherited)",
					"@executable_path/Frameworks",
					"@loader_path/Frameworks",
				);
				PRODUCT_BUNDLE_IDENTIFIER = com.xin.zhang.cn.QRCodeScanUITests;
				PRODUCT_NAME = "$(TARGET_NAME)";
				TARGETED_DEVICE_FAMILY = "1,2";
				TEST_TARGET_NAME = QRCodeScan;
			};
			name = Release;
		};
/* End XCBuildConfiguration section */

/* Begin XCConfigurationList section */
		5B61F8BE22F1FC37006C74FB /* Build configuration list for PBXProject "QRCodeScan" */ = {
			isa = XCConfigurationList;
			buildConfigurations = (
				5B61F8ED22F1FC38006C74FB /* Debug */,
				5B61F8EE22F1FC38006C74FB /* Release */,
			);
			defaultConfigurationIsVisible = 0;
			defaultConfigurationName = Release;
		};
		5B61F8EF22F1FC38006C74FB /* Build configuration list for PBXNativeTarget "QRCodeScan" */ = {
			isa = XCConfigurationList;
			buildConfigurations = (
				5B61F8F022F1FC38006C74FB /* Debug */,
				5B61F8F122F1FC38006C74FB /* Release */,
			);
			defaultConfigurationIsVisible = 0;
			defaultConfigurationName = Release;
		};
		5B61F8F222F1FC38006C74FB /* Build configuration list for PBXNativeTarget "QRCodeScanTests" */ = {
			isa = XCConfigurationList;
			buildConfigurations = (
				5B61F8F322F1FC38006C74FB /* Debug */,
				5B61F8F422F1FC38006C74FB /* Release */,
			);
			defaultConfigurationIsVisible = 0;
			defaultConfigurationName = Release;
		};
		5B61F8F522F1FC38006C74FB /* Build configuration list for PBXNativeTarget "QRCodeScanUITests" */ = {
			isa = XCConfigurationList;
			buildConfigurations = (
				5B61F8F622F1FC38006C74FB /* Debug */,
				5B61F8F722F1FC38006C74FB /* Release */,
			);
			defaultConfigurationIsVisible = 0;
			defaultConfigurationName = Release;
		};
/* End XCConfigurationList section */
	};
	rootObject = 5B61F8BB22F1FC37006C74FB /* Project object */;
}
